
Microsoft Visual Studio Solution File, Format Version 12.00
# Visual Studio Version 17
VisualStudioVersion = 17.8.34525.116
MinimumVisualStudioVersion = 10.0.40219.1
Project("{9A19103F-16F7-4668-BE54-9A1E7A4F7556}") = "BettaLib", "BettaLib\BettaLib.csproj", "{3F02487D-5F32-4103-87C2-6BF02D2B3D94}"
EndProject
Project("{9A19103F-16F7-4668-BE54-9A1E7A4F7556}") = "BettaConsoleUI", "BettaConsoleUI\BettaConsoleUI.csproj", "{8B845CCD-97B3-4B6C-BF49-544D8A4AA36F}"
EndProject
Project("{9A19103F-16F7-4668-BE54-9A1E7A4F7556}") = "BettaGH", "BettaGH\BettaGH.csproj", "{4A852A14-FDFB-407A-9E48-94433025CE48}"
EndProject
Project("{FAE04EC0-301F-11D3-BF4B-00C04F79EFBC}") = "Millitest", "Millitest\Millitest.csproj", "{81F3E2F1-2AC7-40D1-B02D-66187C775423}"
EndProject
Project("{9A19103F-16F7-4668-BE54-9A1E7A4F7556}") = "BettaPixelFieldUI", "BettaPixelFieldUI\BettaPixelFieldUI.csproj", "{DC1E5421-8FBC-47B2-B303-D308A465BD97}"
EndProject
Project("{FAE04EC0-301F-11D3-BF4B-00C04F79EFBC}") = "TopOptC", "..\supporter\topoptC\TopOptC.csproj", "{4CB007B3-77B1-4267-BD75-29A1BD05791C}"
EndProject
Project("{FAE04EC0-301F-11D3-BF4B-00C04F79EFBC}") = "BettaML", "BettaML\BettaML.csproj", "{61BCBA87-D214-4AEE-AF9F-78D5C6D55A50}"
EndProject
Global
	GlobalSection(SolutionConfigurationPlatforms) = preSolution
		Debug|Any CPU = Debug|Any CPU
		Debug|x64 = Debug|x64
		Debug|x86 = Debug|x86
		Release|Any CPU = Release|Any CPU
		Release|x64 = Release|x64
		Release|x86 = Release|x86
	EndGlobalSection
	GlobalSection(ProjectConfigurationPlatforms) = postSolution
		{3F02487D-5F32-4103-87C2-6BF02D2B3D94}.Debug|Any CPU.ActiveCfg = Debug|Any CPU
		{3F02487D-5F32-4103-87C2-6BF02D2B3D94}.Debug|Any CPU.Build.0 = Debug|Any CPU
		{3F02487D-5F32-4103-87C2-6BF02D2B3D94}.Debug|x64.ActiveCfg = Debug|Any CPU
		{3F02487D-5F32-4103-87C2-6BF02D2B3D94}.Debug|x64.Build.0 = Debug|Any CPU
		{3F02487D-5F32-4103-87C2-6BF02D2B3D94}.Debug|x86.ActiveCfg = Debug|Any CPU
		{3F02487D-5F32-4103-87C2-6BF02D2B3D94}.Debug|x86.Build.0 = Debug|Any CPU
		{3F02487D-5F32-4103-87C2-6BF02D2B3D94}.Release|Any CPU.ActiveCfg = Release|Any CPU
		{3F02487D-5F32-4103-87C2-6BF02D2B3D94}.Release|Any CPU.Build.0 = Release|Any CPU
		{3F02487D-5F32-4103-87C2-6BF02D2B3D94}.Release|x64.ActiveCfg = Release|Any CPU
		{3F02487D-5F32-4103-87C2-6BF02D2B3D94}.Release|x64.Build.0 = Release|Any CPU
		{3F02487D-5F32-4103-87C2-6BF02D2B3D94}.Release|x86.ActiveCfg = Release|Any CPU
		{3F02487D-5F32-4103-87C2-6BF02D2B3D94}.Release|x86.Build.0 = Release|Any CPU
		{8B845CCD-97B3-4B6C-BF49-544D8A4AA36F}.Debug|Any CPU.ActiveCfg = Debug|Any CPU
		{8B845CCD-97B3-4B6C-BF49-544D8A4AA36F}.Debug|Any CPU.Build.0 = Debug|Any CPU
		{8B845CCD-97B3-4B6C-BF49-544D8A4AA36F}.Debug|x64.ActiveCfg = Debug|Any CPU
		{8B845CCD-97B3-4B6C-BF49-544D8A4AA36F}.Debug|x64.Build.0 = Debug|Any CPU
		{8B845CCD-97B3-4B6C-BF49-544D8A4AA36F}.Debug|x86.ActiveCfg = Debug|Any CPU
		{8B845CCD-97B3-4B6C-BF49-544D8A4AA36F}.Debug|x86.Build.0 = Debug|Any CPU
		{8B845CCD-97B3-4B6C-BF49-544D8A4AA36F}.Release|Any CPU.ActiveCfg = Release|Any CPU
		{8B845CCD-97B3-4B6C-BF49-544D8A4AA36F}.Release|Any CPU.Build.0 = Release|Any CPU
		{8B845CCD-97B3-4B6C-BF49-544D8A4AA36F}.Release|x64.ActiveCfg = Release|Any CPU
		{8B845CCD-97B3-4B6C-BF49-544D8A4AA36F}.Release|x64.Build.0 = Release|Any CPU
		{8B845CCD-97B3-4B6C-BF49-544D8A4AA36F}.Release|x86.ActiveCfg = Release|Any CPU
		{8B845CCD-97B3-4B6C-BF49-544D8A4AA36F}.Release|x86.Build.0 = Release|Any CPU
		{4A852A14-FDFB-407A-9E48-94433025CE48}.Debug|Any CPU.ActiveCfg = Debug|Any CPU
		{4A852A14-FDFB-407A-9E48-94433025CE48}.Debug|Any CPU.Build.0 = Debug|Any CPU
		{4A852A14-FDFB-407A-9E48-94433025CE48}.Debug|x64.ActiveCfg = Debug|Any CPU
		{4A852A14-FDFB-407A-9E48-94433025CE48}.Debug|x64.Build.0 = Debug|Any CPU
		{4A852A14-FDFB-407A-9E48-94433025CE48}.Debug|x86.ActiveCfg = Debug|Any CPU
		{4A852A14-FDFB-407A-9E48-94433025CE48}.Debug|x86.Build.0 = Debug|Any CPU
		{4A852A14-FDFB-407A-9E48-94433025CE48}.Release|Any CPU.ActiveCfg = Release|Any CPU
		{4A852A14-FDFB-407A-9E48-94433025CE48}.Release|Any CPU.Build.0 = Release|Any CPU
		{4A852A14-FDFB-407A-9E48-94433025CE48}.Release|x64.ActiveCfg = Release|Any CPU
		{4A852A14-FDFB-407A-9E48-94433025CE48}.Release|x64.Build.0 = Release|Any CPU
		{4A852A14-FDFB-407A-9E48-94433025CE48}.Release|x86.ActiveCfg = Release|Any CPU
		{4A852A14-FDFB-407A-9E48-94433025CE48}.Release|x86.Build.0 = Release|Any CPU
		{81F3E2F1-2AC7-40D1-B02D-66187C775423}.Debug|Any CPU.ActiveCfg = Debug|Any CPU
		{81F3E2F1-2AC7-40D1-B02D-66187C775423}.Debug|Any CPU.Build.0 = Debug|Any CPU
		{81F3E2F1-2AC7-40D1-B02D-66187C775423}.Debug|x64.ActiveCfg = Debug|Any CPU
		{81F3E2F1-2AC7-40D1-B02D-66187C775423}.Debug|x64.Build.0 = Debug|Any CPU
		{81F3E2F1-2AC7-40D1-B02D-66187C775423}.Debug|x86.ActiveCfg = Debug|Any CPU
		{81F3E2F1-2AC7-40D1-B02D-66187C775423}.Debug|x86.Build.0 = Debug|Any CPU
		{81F3E2F1-2AC7-40D1-B02D-66187C775423}.Release|Any CPU.ActiveCfg = Release|Any CPU
		{81F3E2F1-2AC7-40D1-B02D-66187C775423}.Release|Any CPU.Build.0 = Release|Any CPU
		{81F3E2F1-2AC7-40D1-B02D-66187C775423}.Release|x64.ActiveCfg = Release|Any CPU
		{81F3E2F1-2AC7-40D1-B02D-66187C775423}.Release|x64.Build.0 = Release|Any CPU
		{81F3E2F1-2AC7-40D1-B02D-66187C775423}.Release|x86.ActiveCfg = Release|Any CPU
		{81F3E2F1-2AC7-40D1-B02D-66187C775423}.Release|x86.Build.0 = Release|Any CPU
		{DC1E5421-8FBC-47B2-B303-D308A465BD97}.Debug|Any CPU.ActiveCfg = Debug|Any CPU
		{DC1E5421-8FBC-47B2-B303-D308A465BD97}.Debug|Any CPU.Build.0 = Debug|Any CPU
		{DC1E5421-8FBC-47B2-B303-D308A465BD97}.Debug|x64.ActiveCfg = Debug|Any CPU
		{DC1E5421-8FBC-47B2-B303-D308A465BD97}.Debug|x64.Build.0 = Debug|Any CPU
		{DC1E5421-8FBC-47B2-B303-D308A465BD97}.Debug|x86.ActiveCfg = Debug|Any CPU
		{DC1E5421-8FBC-47B2-B303-D308A465BD97}.Debug|x86.Build.0 = Debug|Any CPU
		{DC1E5421-8FBC-47B2-B303-D308A465BD97}.Release|Any CPU.ActiveCfg = Release|Any CPU
		{DC1E5421-8FBC-47B2-B303-D308A465BD97}.Release|Any CPU.Build.0 = Release|Any CPU
		{DC1E5421-8FBC-47B2-B303-D308A465BD97}.Release|x64.ActiveCfg = Release|Any CPU
		{DC1E5421-8FBC-47B2-B303-D308A465BD97}.Release|x64.Build.0 = Release|Any CPU
		{DC1E5421-8FBC-47B2-B303-D308A465BD97}.Release|x86.ActiveCfg = Release|Any CPU
		{DC1E5421-8FBC-47B2-B303-D308A465BD97}.Release|x86.Build.0 = Release|Any CPU
		{4CB007B3-77B1-4267-BD75-29A1BD05791C}.Debug|Any CPU.ActiveCfg = Debug|x64
		{4CB007B3-77B1-4267-BD75-29A1BD05791C}.Debug|Any CPU.Build.0 = Debug|x64
		{4CB007B3-77B1-4267-BD75-29A1BD05791C}.Debug|x64.ActiveCfg = Debug|x64
		{4CB007B3-77B1-4267-BD75-29A1BD05791C}.Debug|x64.Build.0 = Debug|x64
		{4CB007B3-77B1-4267-BD75-29A1BD05791C}.Debug|x86.ActiveCfg = Debug|x86
		{4CB007B3-77B1-4267-BD75-29A1BD05791C}.Debug|x86.Build.0 = Debug|x86
		{4CB007B3-77B1-4267-BD75-29A1BD05791C}.Release|Any CPU.ActiveCfg = Release|x64
		{4CB007B3-77B1-4267-BD75-29A1BD05791C}.Release|Any CPU.Build.0 = Release|x64
		{4CB007B3-77B1-4267-BD75-29A1BD05791C}.Release|x64.ActiveCfg = Release|x64
		{4CB007B3-77B1-4267-BD75-29A1BD05791C}.Release|x64.Build.0 = Release|x64
		{4CB007B3-77B1-4267-BD75-29A1BD05791C}.Release|x86.ActiveCfg = Release|x86
		{4CB007B3-77B1-4267-BD75-29A1BD05791C}.Release|x86.Build.0 = Release|x86
		{61BCBA87-D214-4AEE-AF9F-78D5C6D55A50}.Debug|Any CPU.ActiveCfg = Debug|Any CPU
		{61BCBA87-D214-4AEE-AF9F-78D5C6D55A50}.Debug|Any CPU.Build.0 = Debug|Any CPU
		{61BCBA87-D214-4AEE-AF9F-78D5C6D55A50}.Debug|x64.ActiveCfg = Debug|Any CPU
		{61BCBA87-D214-4AEE-AF9F-78D5C6D55A50}.Debug|x64.Build.0 = Debug|Any CPU
		{61BCBA87-D214-4AEE-AF9F-78D5C6D55A50}.Debug|x86.ActiveCfg = Debug|Any CPU
		{61BCBA87-D214-4AEE-AF9F-78D5C6D55A50}.Debug|x86.Build.0 = Debug|Any CPU
		{61BCBA87-D214-4AEE-AF9F-78D5C6D55A50}.Release|Any CPU.ActiveCfg = Release|Any CPU
		{61BCBA87-D214-4AEE-AF9F-78D5C6D55A50}.Release|Any CPU.Build.0 = Release|Any CPU
		{61BCBA87-D214-4AEE-AF9F-78D5C6D55A50}.Release|x64.ActiveCfg = Release|Any CPU
		{61BCBA87-D214-4AEE-AF9F-78D5C6D55A50}.Release|x64.Build.0 = Release|Any CPU
		{61BCBA87-D214-4AEE-AF9F-78D5C6D55A50}.Release|x86.ActiveCfg = Release|Any CPU
		{61BCBA87-D214-4AEE-AF9F-78D5C6D55A50}.Release|x86.Build.0 = Release|Any CPU
	EndGlobalSection
	GlobalSection(SolutionProperties) = preSolution
		HideSolutionNode = FALSE
	EndGlobalSection
	GlobalSection(ExtensibilityGlobals) = postSolution
		SolutionGuid = {5BDB34E2-6B30-4618-8268-2D1835EF3F68}
	EndGlobalSection
EndGlobal
